
Microsoft Visual Studio Solution File, Format Version 12.00
# Visual Studio Version 17
VisualStudioVersion = 17.0.31903.59
MinimumVisualStudioVersion = 10.0.40219.1
Project("{FAE04EC0-301F-11D3-BF4B-00C04F79EFBC}") = "MSConsumers.Api", "MSConsumers.Api\MSConsumers.Api.csproj", "{BED5D6C9-AB36-4365-ABD8-0073F2D5551D}"
EndProject
Project("{FAE04EC0-301F-11D3-BF4B-00C04F79EFBC}") = "MSConsumers.Domain", "MSConsumers.Domain\MSConsumers.Domain.csproj", "{D5DBE165-F5E2-43E5-98D0-19D16A1A4018}"
EndProject
Project("{FAE04EC0-301F-11D3-BF4B-00C04F79EFBC}") = "MSConsumers.Application", "MSConsumers.Application\MSConsumers.Application.csproj", "{1E1BFA3C-D156-4BFF-AED9-356F32085618}"
EndProject
Project("{FAE04EC0-301F-11D3-BF4B-00C04F79EFBC}") = "MSConsumers.Infrastructure", "MSConsumers.Infrastructure\MSConsumers.Infrastructure.csproj", "{B8BCB418-83BF-4BDF-B03A-10880F73619A}"
EndProject
Project("{FAE04EC0-301F-11D3-BF4B-00C04F79EFBC}") = "MSConsumers.UnitTests", "MSConsumers.UnitTests\MSConsumers.UnitTests.csproj", "{4D931811-ED69-42D9-829D-6AD4DC26DDBA}"
EndProject
Global
	GlobalSection(SolutionConfigurationPlatforms) = preSolution
		Debug|Any CPU = Debug|Any CPU
		Debug|x64 = Debug|x64
		Debug|x86 = Debug|x86
		Release|Any CPU = Release|Any CPU
		Release|x64 = Release|x64
		Release|x86 = Release|x86
	EndGlobalSection
	GlobalSection(ProjectConfigurationPlatforms) = postSolution
		{BED5D6C9-AB36-4365-ABD8-0073F2D5551D}.Debug|Any CPU.ActiveCfg = Debug|Any CPU
		{BED5D6C9-AB36-4365-ABD8-0073F2D5551D}.Debug|Any CPU.Build.0 = Debug|Any CPU
		{BED5D6C9-AB36-4365-ABD8-0073F2D5551D}.Debug|x64.ActiveCfg = Debug|Any CPU
		{BED5D6C9-AB36-4365-ABD8-0073F2D5551D}.Debug|x64.Build.0 = Debug|Any CPU
		{BED5D6C9-AB36-4365-ABD8-0073F2D5551D}.Debug|x86.ActiveCfg = Debug|Any CPU
		{BED5D6C9-AB36-4365-ABD8-0073F2D5551D}.Debug|x86.Build.0 = Debug|Any CPU
		{BED5D6C9-AB36-4365-ABD8-0073F2D5551D}.Release|Any CPU.ActiveCfg = Release|Any CPU
		{BED5D6C9-AB36-4365-ABD8-0073F2D5551D}.Release|Any CPU.Build.0 = Release|Any CPU
		{BED5D6C9-AB36-4365-ABD8-0073F2D5551D}.Release|x64.ActiveCfg = Release|Any CPU
		{BED5D6C9-AB36-4365-ABD8-0073F2D5551D}.Release|x64.Build.0 = Release|Any CPU
		{BED5D6C9-AB36-4365-ABD8-0073F2D5551D}.Release|x86.ActiveCfg = Release|Any CPU
		{BED5D6C9-AB36-4365-ABD8-0073F2D5551D}.Release|x86.Build.0 = Release|Any CPU
		{D5DBE165-F5E2-43E5-98D0-19D16A1A4018}.Debug|Any CPU.ActiveCfg = Debug|Any CPU
		{D5DBE165-F5E2-43E5-98D0-19D16A1A4018}.Debug|Any CPU.Build.0 = Debug|Any CPU
		{D5DBE165-F5E2-43E5-98D0-19D16A1A4018}.Debug|x64.ActiveCfg = Debug|Any CPU
		{D5DBE165-F5E2-43E5-98D0-19D16A1A4018}.Debug|x64.Build.0 = Debug|Any CPU
		{D5DBE165-F5E2-43E5-98D0-19D16A1A4018}.Debug|x86.ActiveCfg = Debug|Any CPU
		{D5DBE165-F5E2-43E5-98D0-19D16A1A4018}.Debug|x86.Build.0 = Debug|Any CPU
		{D5DBE165-F5E2-43E5-98D0-19D16A1A4018}.Release|Any CPU.ActiveCfg = Release|Any CPU
		{D5DBE165-F5E2-43E5-98D0-19D16A1A4018}.Release|Any CPU.Build.0 = Release|Any CPU
		{D5DBE165-F5E2-43E5-98D0-19D16A1A4018}.Release|x64.ActiveCfg = Release|Any CPU
		{D5DBE165-F5E2-43E5-98D0-19D16A1A4018}.Release|x64.Build.0 = Release|Any CPU
		{D5DBE165-F5E2-43E5-98D0-19D16A1A4018}.Release|x86.ActiveCfg = Release|Any CPU
		{D5DBE165-F5E2-43E5-98D0-19D16A1A4018}.Release|x86.Build.0 = Release|Any CPU
		{1E1BFA3C-D156-4BFF-AED9-356F32085618}.Debug|Any CPU.ActiveCfg = Debug|Any CPU
		{1E1BFA3C-D156-4BFF-AED9-356F32085618}.Debug|Any CPU.Build.0 = Debug|Any CPU
		{1E1BFA3C-D156-4BFF-AED9-356F32085618}.Debug|x64.ActiveCfg = Debug|Any CPU
		{1E1BFA3C-D156-4BFF-AED9-356F32085618}.Debug|x64.Build.0 = Debug|Any CPU
		{1E1BFA3C-D156-4BFF-AED9-356F32085618}.Debug|x86.ActiveCfg = Debug|Any CPU
		{1E1BFA3C-D156-4BFF-AED9-356F32085618}.Debug|x86.Build.0 = Debug|Any CPU
		{1E1BFA3C-D156-4BFF-AED9-356F32085618}.Release|Any CPU.ActiveCfg = Release|Any CPU
		{1E1BFA3C-D156-4BFF-AED9-356F32085618}.Release|Any CPU.Build.0 = Release|Any CPU
		{1E1BFA3C-D156-4BFF-AED9-356F32085618}.Release|x64.ActiveCfg = Release|Any CPU
		{1E1BFA3C-D156-4BFF-AED9-356F32085618}.Release|x64.Build.0 = Release|Any CPU
		{1E1BFA3C-D156-4BFF-AED9-356F32085618}.Release|x86.ActiveCfg = Release|Any CPU
		{1E1BFA3C-D156-4BFF-AED9-356F32085618}.Release|x86.Build.0 = Release|Any CPU
		{B8BCB418-83BF-4BDF-B03A-10880F73619A}.Debug|Any CPU.ActiveCfg = Debug|Any CPU
		{B8BCB418-83BF-4BDF-B03A-10880F73619A}.Debug|Any CPU.Build.0 = Debug|Any CPU
		{B8BCB418-83BF-4BDF-B03A-10880F73619A}.Debug|x64.ActiveCfg = Debug|Any CPU
		{B8BCB418-83BF-4BDF-B03A-10880F73619A}.Debug|x64.Build.0 = Debug|Any CPU
		{B8BCB418-83BF-4BDF-B03A-10880F73619A}.Debug|x86.ActiveCfg = Debug|Any CPU
		{B8BCB418-83BF-4BDF-B03A-10880F73619A}.Debug|x86.Build.0 = Debug|Any CPU
		{B8BCB418-83BF-4BDF-B03A-10880F73619A}.Release|Any CPU.ActiveCfg = Release|Any CPU
		{B8BCB418-83BF-4BDF-B03A-10880F73619A}.Release|Any CPU.Build.0 = Release|Any CPU
		{B8BCB418-83BF-4BDF-B03A-10880F73619A}.Release|x64.ActiveCfg = Release|Any CPU
		{B8BCB418-83BF-4BDF-B03A-10880F73619A}.Release|x64.Build.0 = Release|Any CPU
		{B8BCB418-83BF-4BDF-B03A-10880F73619A}.Release|x86.ActiveCfg = Release|Any CPU
		{B8BCB418-83BF-4BDF-B03A-10880F73619A}.Release|x86.Build.0 = Release|Any CPU
		{4D931811-ED69-42D9-829D-6AD4DC26DDBA}.Debug|Any CPU.ActiveCfg = Debug|Any CPU
		{4D931811-ED69-42D9-829D-6AD4DC26DDBA}.Debug|Any CPU.Build.0 = Debug|Any CPU
		{4D931811-ED69-42D9-829D-6AD4DC26DDBA}.Debug|x64.ActiveCfg = Debug|Any CPU
		{4D931811-ED69-42D9-829D-6AD4DC26DDBA}.Debug|x64.Build.0 = Debug|Any CPU
		{4D931811-ED69-42D9-829D-6AD4DC26DDBA}.Debug|x86.ActiveCfg = Debug|Any CPU
		{4D931811-ED69-42D9-829D-6AD4DC26DDBA}.Debug|x86.Build.0 = Debug|Any CPU
		{4D931811-ED69-42D9-829D-6AD4DC26DDBA}.Release|Any CPU.ActiveCfg = Release|Any CPU
		{4D931811-ED69-42D9-829D-6AD4DC26DDBA}.Release|Any CPU.Build.0 = Release|Any CPU
		{4D931811-ED69-42D9-829D-6AD4DC26DDBA}.Release|x64.ActiveCfg = Release|Any CPU
		{4D931811-ED69-42D9-829D-6AD4DC26DDBA}.Release|x64.Build.0 = Release|Any CPU
		{4D931811-ED69-42D9-829D-6AD4DC26DDBA}.Release|x86.ActiveCfg = Release|Any CPU
		{4D931811-ED69-42D9-829D-6AD4DC26DDBA}.Release|x86.Build.0 = Release|Any CPU
	EndGlobalSection
	GlobalSection(SolutionProperties) = preSolution
		HideSolutionNode = FALSE
	EndGlobalSection
EndGlobal
